
Microsoft Visual Studio Solution File, Format Version 12.00
# Visual Studio Version 17
VisualStudioVersion = 17.4.33213.308
MinimumVisualStudioVersion = 10.0.40219.1
Project("{FAE04EC0-301F-11D3-BF4B-00C04F79EFBC}") = "DesafioTaller", "DesafioTaller\DesafioTaller.csproj", "{7E065203-F602-48D7-B43A-5E86BA33E17B}"
EndProject
Global
	GlobalSection(SolutionConfigurationPlatforms) = preSolution
		Debug|Any CPU = Debug|Any CPU
		Release|Any CPU = Release|Any CPU
	EndGlobalSection
	GlobalSection(ProjectConfigurationPlatforms) = postSolution
		{7E065203-F602-48D7-B43A-5E86BA33E17B}.Debug|Any CPU.ActiveCfg = Debug|Any CPU
		{7E065203-F602-48D7-B43A-5E86BA33E17B}.Debug|Any CPU.Build.0 = Debug|Any CPU
		{7E065203-F602-48D7-B43A-5E86BA33E17B}.Release|Any CPU.ActiveCfg = Release|Any CPU
		{7E065203-F602-48D7-B43A-5E86BA33E17B}.Release|Any CPU.Build.0 = Release|Any CPU
	EndGlobalSection
	GlobalSection(SolutionProperties) = preSolution
		HideSolutionNode = FALSE
	EndGlobalSection
	GlobalSection(ExtensibilityGlobals) = postSolution
		SolutionGuid = {4BDA1CF5-A45F-4427-9E3F-B43AC525B390}
	EndGlobalSection
EndGlobal
